
Microsoft Visual Studio Solution File, Format Version 12.00
# Visual Studio Version 17
VisualStudioVersion = 17.14.36518.9 d17.14
MinimumVisualStudioVersion = 10.0.40219.1
Project("{FAE04EC0-301F-11D3-BF4B-00C04F79EFBC}") = "LMS", "LMS.csproj", "{D8FD4253-6B08-43FC-9547-2F0E0BDB3006}"
EndProject
Global
	GlobalSection(SolutionConfigurationPlatforms) = preSolution
		Debug|Any CPU = Debug|Any CPU
		Release|Any CPU = Release|Any CPU
	EndGlobalSection
	GlobalSection(ProjectConfigurationPlatforms) = postSolution
		{D8FD4253-6B08-43FC-9547-2F0E0BDB3006}.Debug|Any CPU.ActiveCfg = Debug|Any CPU
		{D8FD4253-6B08-43FC-9547-2F0E0BDB3006}.Debug|Any CPU.Build.0 = Debug|Any CPU
		{D8FD4253-6B08-43FC-9547-2F0E0BDB3006}.Release|Any CPU.ActiveCfg = Release|Any CPU
		{D8FD4253-6B08-43FC-9547-2F0E0BDB3006}.Release|Any CPU.Build.0 = Release|Any CPU
	EndGlobalSection
	GlobalSection(SolutionProperties) = preSolution
		HideSolutionNode = FALSE
	EndGlobalSection
	GlobalSection(ExtensibilityGlobals) = postSolution
		SolutionGuid = {577A0688-A29A-4A28-9C8C-EE77D6E2BD11}
	EndGlobalSection
EndGlobal
